# THIS IS AN AUTOGENERATED FILE. DO NOT EDIT THIS FILE DIRECTLY.
# yarn lockfile v1


"@clyde-lang/interpreter@^5.0.1":
  version "5.0.1"
  resolved "https://registry.yarnpkg.com/@clyde-lang/interpreter/-/interpreter-5.0.1.tgz#b598440261439e54d9780d09d026b87fd8ee84a5"
  integrity sha512-nag7AdeXeyuElaUb57Lytan05I+QqvKyjjzNAE2dw59T3tjZ1XJRzzBdU4taCQm5pUZytPNpBRtTMdi67FDoTg==
  dependencies:
    "@clyde-lang/parser" "2.7.0"

"@clyde-lang/parser@2.7.0", "@clyde-lang/parser@^2.7.0":
  version "2.7.0"
  resolved "https://registry.yarnpkg.com/@clyde-lang/parser/-/parser-2.7.0.tgz#40230e1ad074db473a8f0df25e3a89c05920d760"
  integrity sha512-e0W/rF0cql5LYZDfcePn8DFfZMcizkUR1uYcK+WqI2alBXKrcejL23RRtKrT4LKX5GnrDtjD6VIswW50L5R+8A==

"@colordx/core@^7.2.0":
  version "7.2.0"
  resolved "https://registry.yarnpkg.com/@colordx/core/-/core-7.2.0.tgz#ac072e31e61169ab546f3e4ce5fa68ea8cfdc896"
  integrity sha512-Y5PPwWCWVP59qj2EMVSgD9QMXtMSwt9DseqKvRWOXefM7sRu4EjCRuXQXMaanUH32R8c89OCWJJWZe6jA1dvTg==

"@csstools/css-tokenizer@^4.0.2":
  version "4.0.2"
  resolved "https://registry.yarnpkg.com/@csstools/css-tokenizer/-/css-tokenizer-4.0.2.tgz#7c11bbc7e2912a7def676d72ba6e00895aadc0d5"
  integrity sha512-OoKoR0f76dCY666JlcbhmVTs2drYj1GUXZTYTcbUgJjh9Nv41aFfZ21bPQTERm5+L5cBDo466NltB2lplS5GBw==

"@jridgewell/gen-mapping@^0.3.5":
  version "0.3.13"
  resolved "https://registry.yarnpkg.com/@jridgewell/gen-mapping/-/gen-mapping-0.3.13.tgz#6342a19f44347518c93e43b1ac69deb3c4656a1f"
  integrity sha512-2kkt/7niJ6MgEPxF0bYdQ6etZaA+fQvDcLKckhy1yIQOzaoKjBBjSj63/aLVjYE3qhRt5dvM+uUyfCg6UKCBbA==
  dependencies:
    "@jridgewell/sourcemap-codec" "^1.5.0"
    "@jridgewell/trace-mapping" "^0.3.24"

"@jridgewell/resolve-uri@^3.1.0":
  version "3.1.2"
  resolved "https://registry.yarnpkg.com/@jridgewell/resolve-uri/-/resolve-uri-3.1.2.tgz#7a0ee601f60f99a20c7c7c5ff0c80388c1189bd6"
  integrity sha512-bRISgCIjP20/tbWSPWMEi54QVPRZExkuD9lJL+UIxUKtwVJA8wW1Trb1jMs1RFXo1CBTNZ/5hpC9QvmKWdopKw==

"@jridgewell/source-map@^0.3.3":
  version "0.3.11"
  resolved "https://registry.yarnpkg.com/@jridgewell/source-map/-/source-map-0.3.11.tgz#b21835cbd36db656b857c2ad02ebd413cc13a9ba"
  integrity sha512-ZMp1V8ZFcPG5dIWnQLr3NSI1MiCU7UETdS/A0G8V/XWHvJv3ZsFqutJn1Y5RPmAPX6F3BiE397OqveU/9NCuIA==
  dependencies:
    "@jridgewell/gen-mapping" "^0.3.5"
    "@jridgewell/trace-mapping" "^0.3.25"

"@jridgewell/sourcemap-codec@^1.4.14", "@jridgewell/sourcemap-codec@^1.5.0", "@jridgewell/sourcemap-codec@^1.5.5":
  version "1.6.0"
  resolved "https://registry.yarnpkg.com/@jridgewell/sourcemap-codec/-/sourcemap-codec-1.6.0.tgz#f4c663e862f06dc98ca4d453862c46902789a18d"
  integrity sha512-T7jf+5zgsZHwNJ4lvQ7/aezbyk0nNX+zJVWpmHA7VYsEx7a7qr5Rg5IbtJFqkgze5Y2sruq1RUY8Q837Od7iFw==

"@jridgewell/trace-mapping@^0.3.24", "@jridgewell/trace-mapping@^0.3.25":
  version "0.3.31"
  resolved "https://registry.yarnpkg.com/@jridgewell/trace-mapping/-/trace-mapping-0.3.31.tgz#db15d6781c931f3a251a3dac39501c98a6082fd0"
  integrity sha512-zzNR+SdQSDJzc8joaeP8QQoCQr8NuYx2dIIytl1QeBEZHJ9uW6hebsrYgbz8hJwUQao3TWCMtmfV8Nu1twOLAw==
  dependencies:
    "@jridgewell/resolve-uri" "^3.1.0"
    "@jridgewell/sourcemap-codec" "^1.4.14"

"@napi-rs/lzma-linux-x64-gnu@1.5.1":
  version "1.5.1"
  resolved "https://registry.yarnpkg.com/@napi-rs/lzma-linux-x64-gnu/-/lzma-linux-x64-gnu-1.5.1.tgz#e57d4306966078662038094fb38eb9146dc3aea9"
  integrity sha512-oTXEIha4SsuXdTA4Iyskj0kpdx2yVXdhd75c2v3xGrHFfVMsbhTPZU/nMPL4sWKo4pBHm3aucLaqGlF696dTyQ==

"@rollup/plugin-inject@^5.0.4":
  version "5.0.5"
  resolved "https://registry.yarnpkg.com/@rollup/plugin-inject/-/plugin-inject-5.0.5.tgz#616f3a73fe075765f91c5bec90176608bed277a3"
  integrity sha512-2+DEJbNBoPROPkgTDNe8/1YXWcqxbN5DTjASVIOx8HS+pITXushyNiBV56RB08zuptzz8gT3YfkqriTBVycepg==
  dependencies:
    "@rollup/pluginutils" "^5.0.1"
    estree-walker "^2.0.2"
    magic-string "^0.30.3"

"@rollup/plugin-node-resolve@^16.0.3":
  version "16.0.3"
  resolved "https://registry.yarnpkg.com/@rollup/plugin-node-resolve/-/plugin-node-resolve-16.0.3.tgz#0988e6f2cbb13316b0f5e7213f757bc9ed44928f"
  integrity sha512-lUYM3UBGuM93CnMPG1YocWu7X802BrNF3jW2zny5gQyLQgRFJhV1Sq0Zi74+dh/6NBx1DxFC4b4GXg9wUCG5Qg==
  dependencies:
    "@rollup/pluginutils" "^5.0.1"
    "@types/resolve" "1.20.2"
    deepmerge "^4.2.2"
    is-module "^1.0.0"
    resolve "^1.22.1"

"@rollup/plugin-terser@^1.0.0":
  version "1.0.0"
  resolved "https://registry.yarnpkg.com/@rollup/plugin-terser/-/plugin-terser-1.0.0.tgz#dabbc4414d127aa7d43fc5e7ea8699b9c3bc59e5"
  integrity sha512-FnCxhTBx6bMOYQrar6C8h3scPt8/JwIzw3+AJ2K++6guogH5fYaIFia+zZuhqv0eo1RN7W1Pz630SyvLbDjhtQ==
  dependencies:
    serialize-javascript "^7.0.3"
    smob "^1.0.0"
    terser "^5.17.4"

"@rollup/pluginutils@^5.0.1":
  version "5.4.0"
  resolved "https://registry.yarnpkg.com/@rollup/pluginutils/-/pluginutils-5.4.0.tgz#ac23a29ced0247060a210815fca39c17de4d2f26"
  integrity sha512-MfPp06CjRLfXQ3wY0R8vJDYBy/MvVcc9OulEfR0B8Iv9ko+GCNaRZ+EpJYFl27LhKsZK0o420sYCRHCjfCgeUg==
  dependencies:
    "@types/estree" "^1.0.0"
    estree-walker "^2.0.2"
    picomatch "^4.0.2"

"@rollup/rollup-android-arm-eabi@4.63.4":
  version "4.63.4"
  resolved "https://registry.yarnpkg.com/@rollup/rollup-android-arm-eabi/-/rollup-android-arm-eabi-4.63.4.tgz#e1d06062fb451578b3fb0bdea3360daaa1395f44"
  integrity sha512-I+BSHzTAhKN2n7ZwGZsegGcZjDpLqFOMAtJz/u6uFGe0pUFbq56dEHjqJV/ZUdRJtNXNxA+hREUatZBvMR3Oiw==

"@rollup/rollup-android-arm64@4.63.4":
  version "4.63.4"
  resolved "https://registry.yarnpkg.com/@rollup/rollup-android-arm64/-/rollup-android-arm64-4.63.4.tgz#2e81dec4e9e879c95c8266e30da67074c4998224"
  integrity sha512-pu3BdjS2LtEzRu2elmGzS3fIeWSZy4BMDIaLNwjorO76+k2d0LMluijhsDx3KQyQBQ/lLUZCQA9/s6csvUfuhw==

"@rollup/rollup-darwin-arm64@4.63.4":
  version "4.63.4"
  resolved "https://registry.yarnpkg.com/@rollup/rollup-darwin-arm64/-/rollup-darwin-arm64-4.63.4.tgz#f48f92f44454aed23d013f7cdb6da0dc2cb598ae"
  integrity sha512-xfSrj9MHnWK9GaSqT9U0ImHtH/N8WZlHLx4cZHiuLcqs640hvZ3hLPd5UR2AZS57FaE8HrRUSpltbZdWRxHiDA==

"@rollup/rollup-darwin-x64@4.63.4":
  version "4.63.4"
  resolved "https://registry.yarnpkg.com/@rollup/rollup-darwin-x64/-/rollup-darwin-x64-4.63.4.tgz#39b0b2ad27c49b40aec71fb20210e2e3be5fdbd0"
  integrity sha512-bqU99PLJb/dqb3S0GIMdeuyAEETSUgZBoqXYd3Sd+WCsV+MmPhnN6JrotWyir31+QgH7EvvE5/mwGJlEoci8Fw==

"@rollup/rollup-freebsd-arm64@4.63.4":
  version "4.63.4"
  resolved "https://registry.yarnpkg.com/@rollup/rollup-freebsd-arm64/-/rollup-freebsd-arm64-4.63.4.tgz#0c85d18f5b9228b7195adbbbc97c1adaf41b8106"
  integrity sha512-JinsFZ5G40oXQb+sUuiA5x689vhr6dDYK0H0NL+rwKdL6CqnmYN8PE4ZwfRSoIjrCxqTQG/SLfTtSvHeGxoVlw==

"@rollup/rollup-freebsd-x64@4.63.4":
  version "4.63.4"
  resolved "https://registry.yarnpkg.com/@rollup/rollup-freebsd-x64/-/rollup-freebsd-x64-4.63.4.tgz#0c6c27471ea950213aad76418f075c96f57e9533"
  integrity sha512-GAdA4UxpiNm27cLHr2GqXBpAD0x9FqwYBY7/YSP0Ss0/PNi4k8gbviqpIpYbVSRBaS2ZcegXEzgTQMbRNCwxCw==

"@rollup/rollup-linux-arm-gnueabihf@4.63.4":
  version "4.63.4"
  resolved "https://registry.yarnpkg.com/@rollup/rollup-linux-arm-gnueabihf/-/rollup-linux-arm-gnueabihf-4.63.4.tgz#28cba40d417fb3d2c1536941b02143a2bdda72be"
  integrity sha512-qDd6NoA1znaLjp4jR5U/KWCdLAKDJNB8W9ChbbDaKbo0xA+Atln5HK6LFCZ4oJQpemtRZA288DCirFRjrspptw==

"@rollup/rollup-linux-arm-musleabihf@4.63.4":
  version "4.63.4"
  resolved "https://registry.yarnpkg.com/@rollup/rollup-linux-arm-musleabihf/-/rollup-linux-arm-musleabihf-4.63.4.tgz#c9f06aa876d6d312012a2048d9e5533c581a7341"
  integrity sha512-WtB5Tz5KTNINb8ZA+8sQ7bmjuS1JrRT7YverYIhUGdWWDlpzVWmIwuZE+jidkEXUn1l0zrEkaIMa8dHF3NGcsA==

"@rollup/rollup-linux-arm64-gnu@4.63.4":
  version "4.63.4"
  resolved "https://registry.yarnpkg.com/@rollup/rollup-linux-arm64-gnu/-/rollup-linux-arm64-gnu-4.63.4.tgz#b26376804ca32b3dcc8f68930f765394fb4e4814"
  integrity sha512-VcQ3L1tjnkKzWjryAVaFhHEWcqOfICX9uxVVoDzm2t0DpgKRHd2zOpVrJc0xsWeBZcBFyYROCIBdyR/fS174pg==

"@rollup/rollup-linux-arm64-musl@4.63.4":
  version "4.63.4"
  resolved "https://registry.yarnpkg.com/@rollup/rollup-linux-arm64-musl/-/rollup-linux-arm64-musl-4.63.4.tgz#65f6f5deee9d30904b4d52ee3d45679055743cd1"
  integrity sha512-6+ZQX6P5s0cMDN2Ypb8Lbm2+/sZYmZjdaYny992ujUU9UKi/4CWoJWsl1pNvjWJHNHGK51m+jKGLlh1ylb2ifQ==

"@rollup/rollup-linux-loong64-gnu@4.63.4":
  version "4.63.4"
  resolved "https://registry.yarnpkg.com/@rollup/rollup-linux-loong64-gnu/-/rollup-linux-loong64-gnu-4.63.4.tgz#15d7e44538e967a3d6132f5b9f27f02346df6850"
  integrity sha512-D72ZnvkFkBXOfzMMQLcwfPLyGkKb7HZ9/mf97B7v6/P5Lbv4oFOtSY/uHbS8lH6uKUOxoKiuokdb50XZSzzbJw==

"@rollup/rollup-linux-loong64-musl@4.63.4":
  version "4.63.4"
  resolved "https://registry.yarnpkg.com/@rollup/rollup-linux-loong64-musl/-/rollup-linux-loong64-musl-4.63.4.tgz#7afad2b9e41941344883154f754b7f772ef16b01"
  integrity sha512-piU6BxeqA3O9KSu3kRCIQQtNqFFaTu21SEV4FwaRZowpnj3bLaWPZHw+xFqCs0XlJ+aOH3PTRWGoglH+mKA/OA==

"@rollup/rollup-linux-ppc64-gnu@4.63.4":
  version "4.63.4"
  resolved "https://registry.yarnpkg.com/@rollup/rollup-linux-ppc64-gnu/-/rollup-linux-ppc64-gnu-4.63.4.tgz#3f3131b1a9585851b2875c86a49f6e6deb9e68e0"
  integrity sha512-/5PGpHwqt2EEEOUs1XwzubE/ucr0dWDQ+to3zqi4Ds7EWpwtQ79wXc4JBoxqj/OwpawTsKWzJxHfSuBOq3DrWA==

"@rollup/rollup-linux-ppc64-musl@4.63.4":
  version "4.63.4"
  resolved "https://registry.yarnpkg.com/@rollup/rollup-linux-ppc64-musl/-/rollup-linux-ppc64-musl-4.63.4.tgz#463aeee26c62983c1fc235708d1b41baf4735f98"
  integrity sha512-cX3beZDLWt7G2oJF+nhChiT+qtaihs+S2xi7ziGmVB+2pwPng6D0Ed0HmElQOgv2UsUmSJJLGwpBao/3TDx3VA==

"@rollup/rollup-linux-riscv64-gnu@4.63.4":
  version "4.63.4"
  resolved "https://registry.yarnpkg.com/@rollup/rollup-linux-riscv64-gnu/-/rollup-linux-riscv64-gnu-4.63.4.tgz#cb495bd8cc978e17593e0d323b36fd95b5eab098"
  integrity sha512-1uz2mGWHyptR7DgHHrlbdRAjXK7v7elGZ9lMja910/RP+ZYbX6xAmCiU9UZSX4hqmgtHMv6lr5l3kq1HIOpcag==

"@rollup/rollup-linux-riscv64-musl@4.63.4":
  version "4.63.4"
  resolved "https://registry.yarnpkg.com/@rollup/rollup-linux-riscv64-musl/-/rollup-linux-riscv64-musl-4.63.4.tgz#655b69144b1e786e0bf8ac3b727f0d7fee590a08"
  integrity sha512-nLS8topojxyz7SRpKR2IODRpQ0XPZ+xaOXvT3+hqK/Uy8Lo5HFgkkIBiIrCu5tL5YqzTvgovGw55PwpahTAGig==

"@rollup/rollup-linux-s390x-gnu@4.63.4":
  version "4.63.4"
  resolved "https://registry.yarnpkg.com/@rollup/rollup-linux-s390x-gnu/-/rollup-linux-s390x-gnu-4.63.4.tgz#70b175b0361a7898acc294a6b14001e2c3ad99be"
  integrity sha512-gs7DRKotr3l3q+jGPQBjH0ng1FjlEDm5ueQrkw5JtQvtLyEIcLASqAEaor56BhkKRzk+IcQzrcanBdb/bBQn8g==

"@rollup/rollup-linux-x64-gnu@4.63.4":
  version "4.63.4"
  resolved "https://registry.yarnpkg.com/@rollup/rollup-linux-x64-gnu/-/rollup-linux-x64-gnu-4.63.4.tgz#0c68fa212df249f996b2d75e8fbb3766b1582ee8"
  integrity sha512-791ET7W17NnScOZM7h4dX5hYspxE28htPFsb1awY/NRR8+PRNkS53e475rDdxXXDrP+kwnCcNWg9CX5ztn/Aqw==

"@rollup/rollup-linux-x64-musl@4.63.4":
  version "4.63.4"
  resolved "https://registry.yarnpkg.com/@rollup/rollup-linux-x64-musl/-/rollup-linux-x64-musl-4.63.4.tgz#93af6206edf751469a43c3614164360136540838"
  integrity sha512-iwZQRcmj7g88g3tzefIrQY7qvmuA/cfYwhrDtTBhsmukO4U2huVO5W+86XacUMRvdSFVAc6kZUZy21JaRwiB9w==

"@rollup/rollup-openbsd-x64@4.63.4":
  version "4.63.4"
  resolved "https://registry.yarnpkg.com/@rollup/rollup-openbsd-x64/-/rollup-openbsd-x64-4.63.4.tgz#7c7680c4004fd602b59cd19f3294fa1b89d0c683"
  integrity sha512-dVHFp9gRWrdTpnqQuGfCwd7hOQDatK1VCP2iWhLY/cGrOQs/ucFzJ6A5SRqbXX12ZDI8EUuejSM5kwg+ja7Png==

"@rollup/rollup-openharmony-arm64@4.63.4":
  version "4.63.4"
  resolved "https://registry.yarnpkg.com/@rollup/rollup-openharmony-arm64/-/rollup-openharmony-arm64-4.63.4.tgz#f389ff4d8ee8a635ff51d76e8ff20b7db2292bce"
  integrity sha512-t3NlauOW6gxZVVFcBEnO62Cb4wbyDFL416gTg1uFI/2tgqYQlf69FbSE115Ajre9I+c26Lk4mcmdFUsS/DGifQ==

"@rollup/rollup-win32-arm64-msvc@4.63.4":
  version "4.63.4"
  resolved "https://registry.yarnpkg.com/@rollup/rollup-win32-arm64-msvc/-/rollup-win32-arm64-msvc-4.63.4.tgz#55a286f40f9d03c653ceb7183d6c6179ec312c75"
  integrity sha512-xWuIaSye5FWZF8+UYtVEcHtRJDN5kN9Kfgxx3Kq8XIov9KSKbc1fiqQCm90SKrgQbUXZelbnUhnlUJmfSE7P9A==

"@rollup/rollup-win32-ia32-msvc@4.63.4":
  version "4.63.4"
  resolved "https://registry.yarnpkg.com/@rollup/rollup-win32-ia32-msvc/-/rollup-win32-ia32-msvc-4.63.4.tgz#7eb577b64e2a39115182a87a2ea957608d8331f6"
  integrity sha512-9ALJJUOg/ZflMJepVo2PlgsGxSaxN7SQ4Z8GoZfVlarWr6r3rkHUNsd/zAio7p4YMtChSMXPionxej4Hkf6CXQ==

"@rollup/rollup-win32-x64-gnu@4.63.4":
  version "4.63.4"
  resolved "https://registry.yarnpkg.com/@rollup/rollup-win32-x64-gnu/-/rollup-win32-x64-gnu-4.63.4.tgz#0e7a7cd5f0db2f570fc312687d67baf21283a3f6"
  integrity sha512-blj9z5qx/Pv4WU0W1NMFDB97e0JH5ed+aZGywW8WCvp/NhWX/4PFAq5uu6Q0AebNn+Vo6KzUYDT++JzTT5ojlQ==

"@rollup/rollup-win32-x64-msvc@4.63.4":
  version "4.63.4"
  resolved "https://registry.yarnpkg.com/@rollup/rollup-win32-x64-msvc/-/rollup-win32-x64-msvc-4.63.4.tgz#f8e11d8ac827db7695d50f1def4c00a7f3cd1510"
  integrity sha512-Erx822VRBwLa124shbj+wNXe//BOgMEctDV0m1aqTQdNO1S69DgNUCFKC1RCeZfixs1J31l6igk1ziyXErbigQ==

"@types/estree@1.0.9", "@types/estree@^1.0.0":
  version "1.0.9"
  resolved "https://registry.yarnpkg.com/@types/estree/-/estree-1.0.9.tgz#cf3f0e876d7bee15a93ab925b82bf570a3904a24"
  integrity sha512-GhdPgy1el4/ImP05X05Uw4cw2/M93BCUmnEvWZNStlCzEKME4Fkk+YpoA5OiHNQmoS7Cafb8Xa3Pya8m1Qrzeg==

"@types/resolve@1.20.2":
  version "1.20.2"
  resolved "https://registry.yarnpkg.com/@types/resolve/-/resolve-1.20.2.tgz#97d26e00cd4a0423b4af620abecf3e6f442b7975"
  integrity sha512-60BCwRFOZCQhDncwQdxxeOEEkbc5dIMccYLwbxsS4TUNeVECQ/pBJ0j09mrHOl/JJvpRPGwO9SvE4nR2Nb/a4Q==

acorn@^8.15.0:
  version "8.18.0"
  resolved "https://registry.yarnpkg.com/acorn/-/acorn-8.18.0.tgz#4faf01b2d6d326bfeed97aea1f52220b5f4c1940"
  integrity sha512-lGq+9yr1/GuAWaVYIHRjvvySG5/4VfKIvC8EWxStPdcDh/Ka7FG3twP6v4d5BkravUilhIAsG4Qj83t02LWUPQ==

autoprefixer@^10.6.1:
  version "10.6.1"
  resolved "https://registry.yarnpkg.com/autoprefixer/-/autoprefixer-10.6.1.tgz#437cea1a0b96cedc4065c05327b728b1594faf27"
  integrity sha512-cL1Qz6ADZhcEbny/8HPfe99J6HhNoYtpX2LFLIbhgGE7Q1hlQVkYFdetDN7Id3KiQxhDrHwzlHr/YQCnZ8+xSA==
  dependencies:
    browserslist "^4.28.9"
    caniuse-lite "^1.0.30001810"
    fraction.js "^5.3.4"
    picocolors "^1.1.1"
    postcss-value-parser "^4.2.0"

baseline-browser-mapping@^2.11.26:
  version "2.11.27"
  resolved "https://registry.yarnpkg.com/baseline-browser-mapping/-/baseline-browser-mapping-2.11.27.tgz#9bb9242d87ab1cdc9e35607148791e20e4398b20"
  integrity sha512-ElY12DaROGuan+lMmZ8Cvo/ZUbXPe7Enc/9VU/b1T3Kp4dwytRcNdR8DoSJN5SNJT/CuvcCA0DHDVmMOCePdRQ==

boolbase@^1.0.0:
  version "1.0.0"
  resolved "https://registry.yarnpkg.com/boolbase/-/boolbase-1.0.0.tgz#68dff5fbe60c51eb37725ea9e3ed310dcc1e776e"
  integrity sha512-JZOSA7Mo9sNGB8+UjSgzdLtokWAky1zbztM3WRLCbZ70/3cTANmQmOdR7y2g+J0e2WXywy1yS468tY+IruqEww==

browserslist@^4.0.0, browserslist@^4.28.9, browserslist@^4.29.3:
  version "4.29.3"
  resolved "https://registry.yarnpkg.com/browserslist/-/browserslist-4.29.3.tgz#9c8dafe96ab1c8e40e21c1274bdfa05aaee46476"
  integrity sha512-1R4kiYKXGViqEN0CnoDrXc1StD9niAwu+j2dukWzrD4bJgsD4lDmEp0CRbc6E/vYJIfTHwPmwyaKtVSudICdPA==
  dependencies:
    baseline-browser-mapping "^2.11.26"
    caniuse-lite "^1.0.30001813"
    electron-to-chromium "^1.5.439"
    node-releases "^2.0.57"
    update-browserslist-db "^1.3.3"

buffer-from@^1.0.0:
  version "1.1.2"
  resolved "https://registry.yarnpkg.com/buffer-from/-/buffer-from-1.1.2.tgz#2b146a6fd72e80b4f55d255f35ed59a3a9a41bd5"
  integrity sha512-E+XQCRwSbaaiChtv6k6Dwgc+bx+Bs6vuKJHHl5kox/BaKbhiXzqQOwK4cO22yElGp2OCmjwVhT3HmxgyPGnJfQ==

caniuse-api@^4.0.0:
  version "4.0.0"
  resolved "https://registry.yarnpkg.com/caniuse-api/-/caniuse-api-4.0.0.tgz#916db90089176d882d365159f97d9d9900233c8f"
  integrity sha512-B0hQ1OLyJuHTQSOWXvwibWqM6DCoqJdvBA6X1S/53bd4XU7LJ1yurIPlrsouol3mw1jh9pGI4ivubSpmJeIqCA==
  dependencies:
    browserslist "^4.0.0"
    caniuse-lite "^1.0.0"

caniuse-lite@^1.0.0, caniuse-lite@^1.0.30001810, caniuse-lite@^1.0.30001813:
  version "1.0.30001814"
  resolved "https://registry.yarnpkg.com/caniuse-lite/-/caniuse-lite-1.0.30001814.tgz#7a9e1d107dd60f6ad3dacc74df6f6d53a9dbcf9b"
  integrity sha512-/Uaf1lAzr59XcMpW0o96WoEfr+VXK2OX4U9AgFoiSHsVJ4HppnIFUjtYzsyDH2+tgANaQb2/oxYGwCPapN1FpA==

commander@^11.1.0:
  version "11.1.0"
  resolved "https://registry.yarnpkg.com/commander/-/commander-11.1.0.tgz#62fdce76006a68e5c1ab3314dc92e800eb83d906"
  integrity sha512-yPVavfyCcRhmorC7rWlkHn15b4wDVgVmBA7kV4QVBsF7kv/9TKJAbAXVTxvTnwP8HHKjRCJDClKbciiYS7p0DQ==

commander@^13.1.0:
  version "13.1.0"
  resolved "https://registry.yarnpkg.com/commander/-/commander-13.1.0.tgz#776167db68c78f38dcce1f9b8d7b8b9a488abf46"
  integrity sha512-/rFeCpNJQbhSZjGVwO9RFV3xPqbnERS8MmIQzCtD/zl6gpJuV/bMLuN92oG3F7d8oDEHHRrujSXNUr8fpjntKw==

commander@^2.20.0:
  version "2.20.3"
  resolved "https://registry.yarnpkg.com/commander/-/commander-2.20.3.tgz#fd485e84c03eb4881c20722ba48035e8531aeb33"
  integrity sha512-GpVkmM8vF2vQUkj2LvZmD35JxeJOLCwJ9cUkugyk2nuhbv3+mJvpLYYt+0+USMxE+oj+ey/lJEnhZw75x/OMcQ==

consola@^3.4.2:
  version "3.4.2"
  resolved "https://registry.yarnpkg.com/consola/-/consola-3.4.2.tgz#5af110145397bb67afdab77013fdc34cae590ea7"
  integrity sha512-5IKcdX0nnYavi6G7TtOhwkYzyjfJlatbjMjuLSfE2kYT5pMDOilZ4OvMhi637CcDICTmz3wARPoyhqyX1Y+XvA==

css-select@^6.0.0:
  version "6.0.0"
  resolved "https://registry.yarnpkg.com/css-select/-/css-select-6.0.0.tgz#7e63f09881ad118084091048ed543786dad96644"
  integrity sha512-rZZVSLle8v0+EY8QAkDWrKhpgt6SA5OtHsgBnsj6ZaLb5dmDVOWUDtQitd9ydxxvEjhewNudS6eTVU7uOyzvXw==
  dependencies:
    boolbase "^1.0.0"
    css-what "^7.0.0"
    domhandler "^5.0.3"
    domutils "^3.2.2"
    nth-check "^2.1.1"

css-tree@^3.0.1:
  version "3.2.1"
  resolved "https://registry.yarnpkg.com/css-tree/-/css-tree-3.2.1.tgz#86cac7011561272b30e6b1e042ba6ce047aa7518"
  integrity sha512-X7sjQzceUhu1u7Y/ylrRZFU2FS6LRiFVp6rKLPg23y3x3c3DOKAwuXGDp+PAGjh6CSnCjYeAul8pcT8bAl+lSA==
  dependencies:
    mdn-data "2.27.1"
    source-map-js "^1.2.1"

css-tree@~2.2.0:
  version "2.2.1"
  resolved "https://registry.yarnpkg.com/css-tree/-/css-tree-2.2.1.tgz#36115d382d60afd271e377f9c5f67d02bd48c032"
  integrity sha512-OA0mILzGc1kCOCSJerOeqDxDQ4HOh+G8NbOJFOTgOCzpw7fCBubk0fEyxp8AgOL/jvLgYA/uV0cMbe43ElF1JA==
  dependencies:
    mdn-data "2.0.28"
    source-map-js "^1.0.1"

css-what@^7.0.0:
  version "7.0.0"
  resolved "https://registry.yarnpkg.com/css-what/-/css-what-7.0.0.tgz#5796fbebd43571d73c60ba0dd7a6e75dd0d22fe4"
  integrity sha512-wD5oz5xibMOPHzy13CyGmogB3phdvcDaB5t0W/Nr5Z2O/agcB8YwOz6e2Lsp10pNDzBoDO9nVa3RGs/2BttpHQ==

cssesc@^3.0.0:
  version "3.0.0"
  resolved "https://registry.yarnpkg.com/cssesc/-/cssesc-3.0.0.tgz#37741919903b868565e1c09ea747445cd18983ee"
  integrity sha512-/Tb/JcjK111nNScGob5MNtsntNM1aCNUDipB/TkwZFhyDrrE47SOx/18wF2bbjgc3ZzCSKW1T5nt5EbFoAz/Vg==

cssnano-preset-default@^9.2.2:
  version "9.2.2"
  resolved "https://registry.yarnpkg.com/cssnano-preset-default/-/cssnano-preset-default-9.2.2.tgz#3147502fc334bc3207458fb60738f77ec862c15a"
  integrity sha512-2xIwkvzbaqfwffkTDMb9fjnI1BZXVEryQ7dhA2yn2t95jo+SkIVnYmZ/ZAmNLrVCj/vmal3FxcLCGh82bQfUvQ==
  dependencies:
    browserslist "^4.29.3"
    cssnano-utils "^8.1.0"
    postcss-calc "^11.2.2"
    postcss-colormin "^9.0.6"
    postcss-convert-values "^9.0.7"
    postcss-discard-comments "^9.0.6"
    postcss-discard-duplicates "^9.0.5"
    postcss-discard-empty "^9.0.5"
    postcss-discard-overridden "^9.0.5"
    postcss-merge-longhand "^9.2.0"
    postcss-merge-rules "^9.0.8"
    postcss-minify-font-values "^9.0.7"
    postcss-minify-gradients "^9.0.6"
    postcss-minify-params "^9.0.6"
    postcss-minify-selectors "^9.0.6"
    postcss-normalize-charset "^9.0.5"
    postcss-normalize-display-values "^9.0.5"
    postcss-normalize-positions "^9.0.6"
    postcss-normalize-repeat-style "^9.0.5"
    postcss-normalize-string "^9.0.5"
    postcss-normalize-timing-functions "^9.0.5"
    postcss-normalize-unicode "^9.0.5"
    postcss-normalize-url "^9.0.5"
    postcss-normalize-whitespace "^9.0.5"
    postcss-ordered-values "^9.0.6"
    postcss-reduce-initial "^9.0.6"
    postcss-reduce-transforms "^9.0.4"
    postcss-svgo "^9.0.4"
    postcss-unique-selectors "^9.0.5"

cssnano-utils@^8.0.0, cssnano-utils@^8.0.1, cssnano-utils@^8.0.2, cssnano-utils@^8.1.0:
  version "8.1.0"
  resolved "https://registry.yarnpkg.com/cssnano-utils/-/cssnano-utils-8.1.0.tgz#fb9bec2d2137bf9f1c9704603594841975877906"
  integrity sha512-Mzcc0ju/a19+qiqwPk+b6ieJa+tFVNNnrD2gLbk7CmENdJvlUtCuII+sIRZnfl1shHEKGQpmG2rwRpNaqe43xA==
  dependencies:
    "@csstools/css-tokenizer" "^4.0.2"

cssnano@^9.2.2:
  version "9.2.2"
  resolved "https://registry.yarnpkg.com/cssnano/-/cssnano-9.2.2.tgz#e2d2dcc1975f9f9a65aa985b410b932d36a08f07"
  integrity sha512-TG/gH1G/wCXM//IVBG5pKJznF1KdtW2OoqojenaSLqL0tSfDP7D8qckbPj59iaFMn7THtYVh2HY7yY/5FGaClw==
  dependencies:
    cssnano-preset-default "^9.2.2"

csso@^5.0.5:
  version "5.0.5"
  resolved "https://registry.yarnpkg.com/csso/-/csso-5.0.5.tgz#f9b7fe6cc6ac0b7d90781bb16d5e9874303e2ca6"
  integrity sha512-0LrrStPOdJj+SPCCrGhzryycLjwcgUSHBtxNA8aIDxf0GLsRh1cKYhB00Gd1lDOS4yGH69+SNn13+TWbVHETFQ==
  dependencies:
    css-tree "~2.2.0"

deepmerge@^4.2.2:
  version "4.3.1"
  resolved "https://registry.yarnpkg.com/deepmerge/-/deepmerge-4.3.1.tgz#44b5f2147cd3b00d4b56137685966f26fd25dd4a"
  integrity sha512-3sUqbMEc77XqpdNO7FRyRog+eW3ph+GYCbj+rK+uYyRMuwsVy0rMiVtPn+QJlKFvWP/1PYpapqYn0Me2knFn+A==

dom-serializer@^2.0.0:
  version "2.0.0"
  resolved "https://registry.yarnpkg.com/dom-serializer/-/dom-serializer-2.0.0.tgz#e41b802e1eedf9f6cae183ce5e622d789d7d8e53"
  integrity sha512-wIkAryiqt/nV5EQKqQpo3SToSOV9J0DnbJqwK7Wv/Trc92zIAYZ4FlMu+JPFW1DfGFt81ZTCGgDEabffXeLyJg==
  dependencies:
    domelementtype "^2.3.0"
    domhandler "^5.0.2"
    entities "^4.2.0"

domelementtype@^2.3.0:
  version "2.3.0"
  resolved "https://registry.yarnpkg.com/domelementtype/-/domelementtype-2.3.0.tgz#5c45e8e869952626331d7aab326d01daf65d589d"
  integrity sha512-OLETBj6w0OsagBwdXnPdN0cnMfF9opN69co+7ZrbfPGrdpPVNBUj02spi6B1N7wChLQiPn4CSH/zJvXw56gmHw==

domhandler@^5.0.2, domhandler@^5.0.3:
  version "5.0.3"
  resolved "https://registry.yarnpkg.com/domhandler/-/domhandler-5.0.3.tgz#cc385f7f751f1d1fc650c21374804254538c7d31"
  integrity sha512-cgwlv/1iFQiFnU96XXgROh8xTeetsnJiDsTc7TYCLFd9+/WNkIqPTxiM/8pSd8VIrhXGTf1Ny1q1hquVqDJB5w==
  dependencies:
    domelementtype "^2.3.0"

domutils@^3.2.2:
  version "3.2.2"
  resolved "https://registry.yarnpkg.com/domutils/-/domutils-3.2.2.tgz#edbfe2b668b0c1d97c24baf0f1062b132221bc78"
  integrity sha512-6kZKyUajlDuqlHKVX1w7gyslj9MPIXzIFiz/rGu35uC1wMi+kMhQwGhl4lt9unC9Vb9INnY9Z3/ZA3+FhASLaw==
  dependencies:
    dom-serializer "^2.0.0"
    domelementtype "^2.3.0"
    domhandler "^5.0.3"

electron-to-chromium@^1.5.439:
  version "1.5.444"
  resolved "https://registry.yarnpkg.com/electron-to-chromium/-/electron-to-chromium-1.5.444.tgz#fe57da2e9820f748ebb497b99c7a0366bc25737c"
  integrity sha512-5ss/uJfoDYDHT0lfJzT6FbcskIzROIOPf0BbbFkGcvDzoJU7i//9GDrwwIHQVmIsrAGiF3ihpADBRIsrEFt1rQ==

entities@^4.2.0:
  version "4.5.0"
  resolved "https://registry.yarnpkg.com/entities/-/entities-4.5.0.tgz#5d268ea5e7113ec74c4d033b79ea5a35a488fb48"
  integrity sha512-V0hjH4dGPh9Ao5p0MoRY6BVqtwCjhz6vI5LT8AJ55H+4g9/4vbHx1I54fS0XuclLhDHArPQCiMjDxjaL8fPxhw==

es-errors@^1.3.0:
  version "1.3.0"
  resolved "https://registry.yarnpkg.com/es-errors/-/es-errors-1.3.0.tgz#05f75a25dab98e4fb1dcd5e1472c0546d5057c8f"
  integrity sha512-Zf5H2Kxt2xjTvbJvP2ZWLEICxA6j+hAmMzIlypy4xcBg1vKVnx89Wy0GbS+kf5cwCVFFzdCFh2XSCFNULS6csw==

escalade@^3.2.0:
  version "3.2.0"
  resolved "https://registry.yarnpkg.com/escalade/-/escalade-3.2.0.tgz#011a3f69856ba189dffa7dc8fcce99d2a87903e5"
  integrity sha512-WUj2qlxaQtO4g6Pq5c29GTcWGDyd8itL8zTlipgECz3JesAiiOKotd8JU6otB3PACgG6xkJUyVhboMS+bje/jA==

estree-walker@^2.0.2:
  version "2.0.2"
  resolved "https://registry.yarnpkg.com/estree-walker/-/estree-walker-2.0.2.tgz#52f010178c2a4c117a7757cfe942adb7d2da4cac"
  integrity sha512-Rfkk/Mp/DL7JVje3u18FxFujQlTNR2q6QfMSMB7AvCBx91NGj/ba3kCfza0f6dVDbw7YlRf/nDrn7pQrCCyQ/w==

fraction.js@^5.3.4:
  version "5.3.4"
  resolved "https://registry.yarnpkg.com/fraction.js/-/fraction.js-5.3.4.tgz#8c0fcc6a9908262df4ed197427bdeef563e0699a"
  integrity sha512-1X1NTtiJphryn/uLQz3whtY6jK3fTqoE3ohKs0tT+Ujr1W59oopxmoEh7Lu5p6vBaPbgoM0bzveAW4Qi5RyWDQ==

fsevents@~2.3.2:
  version "2.3.3"
  resolved "https://registry.yarnpkg.com/fsevents/-/fsevents-2.3.3.tgz#cac6407785d03675a2a5e1a5305c697b347d90d6"
  integrity sha512-5xoDfX+fL7faATnagmWPpbFtwh/R77WmMMqqHGS65C3vvB0YHrgF+B1YmZ3441tMj5n63k0212XNoJwzlhffQw==

function-bind@^1.1.2:
  version "1.1.2"
  resolved "https://registry.yarnpkg.com/function-bind/-/function-bind-1.1.2.tgz#2c02d864d97f3ea6c8830c464cbd11ab6eab7a1c"
  integrity sha512-7XHNxH7qX9xG5mIwxkhumTox/MIRNcOgDrxWsMt2pAr23WHp6MrRlN7FBSFpCpr+oVO0F744iUgR82nJMfG2SA==

github-slugger@^2.0.0:
  version "2.0.0"
  resolved "https://registry.yarnpkg.com/github-slugger/-/github-slugger-2.0.0.tgz#52cf2f9279a21eb6c59dd385b410f0c0adda8f1a"
  integrity sha512-IaOQ9puYtjrkq7Y0Ygl9KDZnrf/aiUJYUpVf89y8kyaxbRG7Y1SrX/jaumrv81vc61+kiMempujsM3Yw7w5qcw==

handlebars@^4.7.8:
  version "4.7.9"
  resolved "https://registry.yarnpkg.com/handlebars/-/handlebars-4.7.9.tgz#6f139082ab58dc4e5a0e51efe7db5ae890d56a0f"
  integrity sha512-4E71E0rpOaQuJR2A3xDZ+GM1HyWYv1clR58tC8emQNeQe3RH7MAzSbat+V0wG78LQBo6m6bzSG/L4pBuCsgnUQ==
  dependencies:
    minimist "^1.2.5"
    neo-async "^2.6.2"
    source-map "^0.6.1"
    wordwrap "^1.0.0"
  optionalDependencies:
    uglify-js "^3.1.4"

hasown@^2.0.4:
  version "2.0.4"
  resolved "https://registry.yarnpkg.com/hasown/-/hasown-2.0.4.tgz#8c62d8cb90beb2aad5d0a5b67581ad9854c3f003"
  integrity sha512-T2UbfbBEF32wiepXIsMlTW9+dDYC6wMh/t/vYA4tuOMKqWz/n3vr1NFSxQiyP+zk2mXsoMA/i/7qV6LKut1t1A==
  dependencies:
    function-bind "^1.1.2"

is-core-module@^2.16.1:
  version "2.17.0"
  resolved "https://registry.yarnpkg.com/is-core-module/-/is-core-module-2.17.0.tgz#75c1c76236c9f7e38ddbfff292e127dc13b21027"
  integrity sha512-J/vG0zBCbIKOQFfufSwyXdMrsohyJIUNkrnmo6WZGzoM7tr/lsbfW5b2BvisL6zsyMzK9UxV9L6c7AoFbyXHOA==
  dependencies:
    hasown "^2.0.4"

is-module@^1.0.0:
  version "1.0.0"
  resolved "https://registry.yarnpkg.com/is-module/-/is-module-1.0.0.tgz#3258fb69f78c14d5b815d664336b4cffb6441591"
  integrity sha512-51ypPSPCoTEIN9dy5Oy+h4pShgJmPCygKfyRCISBI+JoWT/2oJvK8QPxmwv7b/p239jXrm9M1mlQbyKJ5A152g==

magic-string@^0.30.3:
  version "0.30.21"
  resolved "https://registry.yarnpkg.com/magic-string/-/magic-string-0.30.21.tgz#56763ec09a0fa8091df27879fd94d19078c00d91"
  integrity sha512-vd2F4YUyEXKGcLHoq+TEyCjxueSeHnFxyyjNp80yg0XV4vUhnDer/lvvlqM/arB5bXQN5K2/3oinyCRyx8T2CQ==
  dependencies:
    "@jridgewell/sourcemap-codec" "^1.5.5"

marked-extended-tables@^2.0.1:
  version "2.0.1"
  resolved "https://registry.yarnpkg.com/marked-extended-tables/-/marked-extended-tables-2.0.1.tgz#b578198c5ba14deafe2600950cafcf86188008e8"
  integrity sha512-DV4Si978ZdaFbycIxzG4TdaNMtC0J8QfIKj1UOCejgJHwVjVJse8DNdJriWDeo/n74DWVYpRC6S56AdgWDPrPA==

marked-gfm-heading-id@^4.1.1:
  version "4.1.4"
  resolved "https://registry.yarnpkg.com/marked-gfm-heading-id/-/marked-gfm-heading-id-4.1.4.tgz#9f0ee7bace35ce9c90c58700593d6cdbb4618706"
  integrity sha512-CspnvVfHSkb/znqdPS4jUR8HtCjq3M/DnrsJCrfLBLvdrgbemmoINKpeWKQYkBiXAoBGejw0cV7xzqrPdup3WA==
  dependencies:
    github-slugger "^2.0.0"

marked@^15.0.11:
  version "15.0.12"
  resolved "https://registry.yarnpkg.com/marked/-/marked-15.0.12.tgz#30722c7346e12d0a2d0207ab9b0c4f0102d86c4e"
  integrity sha512-8dD6FusOQSrpv9Z1rdNMdlSgQOIP880DHqnohobOmYLElGEqAL/JvxvuxZO16r4HtjTlfPRDC1hbvxC9dPN2nA==

marked@^18.0.14:
  version "18.0.14"
  resolved "https://registry.yarnpkg.com/marked/-/marked-18.0.14.tgz#90c0ed46b3f9f1e99d8d96cc8b06937884adedc5"
  integrity sha512-mBHK6FBHuBAlhgRe88w9F0O1AbwwXJUcQibUbC/QcdTbVGAD7aWza+xt3N6oT/jCZx3/OMeS+8rnuiHZcQ9s7A==

mdn-data@2.0.28:
  version "2.0.28"
  resolved "https://registry.yarnpkg.com/mdn-data/-/mdn-data-2.0.28.tgz#5ec48e7bef120654539069e1ae4ddc81ca490eba"
  integrity sha512-aylIc7Z9y4yzHYAJNuESG3hfhC+0Ibp/MAMiaOZgNv4pmEdFyfZhhhny4MNiAfWdBQ1RQ2mfDWmM1x8SvGyp8g==

mdn-data@2.27.1:
  version "2.27.1"
  resolved "https://registry.yarnpkg.com/mdn-data/-/mdn-data-2.27.1.tgz#e37b9c50880b75366c4d40ac63d9bbcacdb61f0e"
  integrity sha512-9Yubnt3e8A0OKwxYSXyhLymGW4sCufcLG6VdiDdUGVkPhpqLxlvP5vl1983gQjJl3tqbrM731mjaZaP68AgosQ==

minimist@^1.2.5:
  version "1.2.8"
  resolved "https://registry.yarnpkg.com/minimist/-/minimist-1.2.8.tgz#c1a464e7693302e082a075cee0c057741ac4772c"
  integrity sha512-2yyAR8qBkN3YuheJanUpWC5U3bb5osDywNB8RzDVlDwDHbocAJveqqj1u8+SVD7jkWT4yvsHCpWqqWqAxb0zCA==

nanoid@^3.3.18:
  version "3.3.19"
  resolved "https://registry.yarnpkg.com/nanoid/-/nanoid-3.3.19.tgz#336d4aa4bcd4fb24d2cddede7ffeae40bec03f0a"
  integrity sha512-Y2tUNy4ouw6tq5oDSKeQYGOyhkUBhNOcGV/02KC+6kd9eDGqdZd++mjMiIDilrBYvjEnCYvVtsuHCuP+okSfug==

neo-async@^2.6.2:
  version "2.6.2"
  resolved "https://registry.yarnpkg.com/neo-async/-/neo-async-2.6.2.tgz#b4aafb93e3aeb2d8174ca53cf163ab7d7308305f"
  integrity sha512-Yd3UES5mWCSqR+qNT93S3UoYUkqAZ9lLg8a7g9rimsWmYGK8cVToA4/sF3RrshdyV3sAGMXVUmpMYOw+dLpOuw==

node-releases@^2.0.57:
  version "2.0.57"
  resolved "https://registry.yarnpkg.com/node-releases/-/node-releases-2.0.57.tgz#47827d34b86a98b4b7afacc1222878c286b6ef2d"
  integrity sha512-kQK9LGGFiHtrWiNhZtA7Qbw17AQz+dmsEKODRIVTXA9+e5MS/2gZEBhYJt13GrAz5/IOZKddH/0Z3TP/Zgo+yw==

nth-check@^2.1.1:
  version "2.1.1"
  resolved "https://registry.yarnpkg.com/nth-check/-/nth-check-2.1.1.tgz#c9eab428effce36cd6b92c924bdb000ef1f1ed1d"
  integrity sha512-lqjrjmaOoAnWfMmBPL+XNnynZh2+swxiX3WUE0s4yEHI6m+AwrK2UZOimIRl3X/4QctVqS8AiZjFqyOGrMXb/w==
  dependencies:
    boolbase "^1.0.0"

path-parse@^1.0.7:
  version "1.0.7"
  resolved "https://registry.yarnpkg.com/path-parse/-/path-parse-1.0.7.tgz#fbc114b60ca42b30d9daf5858e4bd68bbedb6735"
  integrity sha512-LDJzPVEEEPR+y48z93A0Ed0yXb8pAByGWo/k5YYdYgpY2/2EsOsksJrq7lOHxryrVOn1ejG6oAp8ahvOIQD8sw==

picocolors@^1.1.1:
  version "1.1.1"
  resolved "https://registry.yarnpkg.com/picocolors/-/picocolors-1.1.1.tgz#3d321af3eab939b083c8f929a1d12cda81c26b6b"
  integrity sha512-xceH2snhtb5M9liqDsmEw56le376mTZkEX/jEb/RxNFyegNul7eNslCXP9FDj/Lcu0X8KEyMceP2ntpaHrDEVA==

picomatch@^4.0.2:
  version "4.0.7"
  resolved "https://registry.yarnpkg.com/picomatch/-/picomatch-4.0.7.tgz#6313360034ccb36b3dc61ecbdff78121f90fe21f"
  integrity sha512-qcJu88Q2IWqJsDD529JKMdwGm/dvInW4HvQnRwiH9JtihJvzGOscDtHE3x1pBKeUOTysQ8kVmLnJ2kJu7yhcGA==

postcss-calc@^11.2.2:
  version "11.2.2"
  resolved "https://registry.yarnpkg.com/postcss-calc/-/postcss-calc-11.2.2.tgz#30c655cffc48cb4cc8aa05f6ed94456e2c5cf9cd"
  integrity sha512-wSquceGIY20fnsXcdIYtzW0r34aoXlT6iDYpYKpgR5Ax/KCZMDteE54Z+4Ee24ryYkjnRU5F3cxvhRfNp6t5VA==
  dependencies:
    "@csstools/css-tokenizer" "^4.0.2"

postcss-colormin@^9.0.6:
  version "9.0.6"
  resolved "https://registry.yarnpkg.com/postcss-colormin/-/postcss-colormin-9.0.6.tgz#52c0f3dbc1b1afe9898fb80c62844e1ab226bbfe"
  integrity sha512-uKsm564OtyCc0WgUhhs1+vuk6jWK+0T128NvYxiINThP5Jgn7GjsYpkc6nwiFeVpqPMXEBYsWdb3xhb4tfnT6w==
  dependencies:
    "@colordx/core" "^7.2.0"
    "@csstools/css-tokenizer" "^4.0.2"
    browserslist "^4.29.3"
    caniuse-api "^4.0.0"
    cssnano-utils "^8.0.2"

postcss-convert-values@^9.0.7:
  version "9.0.7"
  resolved "https://registry.yarnpkg.com/postcss-convert-values/-/postcss-convert-values-9.0.7.tgz#ba3796aec1b4c7d130eb84bdb9fb0b6f2b9eab25"
  integrity sha512-H2wfTbGzeU/71cPn6z3MWco+x46XPvgAISUVT3lo1JU6wAJWWEQ71JevslwjWr3GaY0unDixcmRIT0vIn5Imqg==
  dependencies:
    browserslist "^4.29.3"
    cssnano-utils "^8.0.2"

postcss-discard-comments@^9.0.6:
  version "9.0.6"
  resolved "https://registry.yarnpkg.com/postcss-discard-comments/-/postcss-discard-comments-9.0.6.tgz#c7ab78be6fee5e69d62bb3de5b57ac86d2e83aea"
  integrity sha512-jK5bfKASmV7fSf6rL8XEU4uJaQUe5/5OFkA8pzHooUugV73uIg2JFEMnNwdHBOXJ+bAcGPZ7b7DxkXZdtqG7Bg==
  dependencies:
    "@csstools/css-tokenizer" "^4.0.2"
    cssnano-utils "^8.0.2"

postcss-discard-duplicates@^9.0.5:
  version "9.0.5"
  resolved "https://registry.yarnpkg.com/postcss-discard-duplicates/-/postcss-discard-duplicates-9.0.5.tgz#986593dd9c98b77b1726f2772d59a90cdd1d50cf"
  integrity sha512-Il321Y6C/In5Uyub+wmf+9TwiYtTGg1Fk4F5DtjXXbQezeNdO3wLNeTRLXzmuihu3vHRmks2bG9di1ImyaGsQw==
  dependencies:
    cssnano-utils "^8.1.0"

postcss-discard-empty@^9.0.5:
  version "9.0.5"
  resolved "https://registry.yarnpkg.com/postcss-discard-empty/-/postcss-discard-empty-9.0.5.tgz#5777d5d21b71f13e0c5c70f1aa6a71d5faedd73c"
  integrity sha512-XDfk8xuYDbdEsfKqqISbxLOJaF9d5vZR5xr+ZdqJcjwSu19C8gZSDMe30hgtYq9+4MrAA0ctUSCN4lkhUcpjjA==

postcss-discard-overridden@^9.0.5:
  version "9.0.5"
  resolved "https://registry.yarnpkg.com/postcss-discard-overridden/-/postcss-discard-overridden-9.0.5.tgz#4a77b4d54523304760083ebe57ed0d553c002be0"
  integrity sha512-R/pSAgkbHOdPi8op7b5IyeY8Z0hJ1yemvRpNP2dh41Lm2ldjA1N1lXBdopj7vbzLzzhXLNPnQTolV+vUJ3HGVA==

postcss-merge-longhand@^9.2.0:
  version "9.2.0"
  resolved "https://registry.yarnpkg.com/postcss-merge-longhand/-/postcss-merge-longhand-9.2.0.tgz#199efb87fa9be867bba4a3540dd029df8c2ce8b9"
  integrity sha512-7ZozpQkYDYfzYV4MYcDJZScXHVq2WS4A8RJEJ9nwxhRcvXP/7GBEMNNLadaqb53q4uCJnJtt36k0kFzcnhBK+w==
  dependencies:
    browserslist "^4.29.3"
    cssnano-utils "^8.0.2"
    stylehacks "^9.0.7"

postcss-merge-rules@^9.0.8:
  version "9.0.8"
  resolved "https://registry.yarnpkg.com/postcss-merge-rules/-/postcss-merge-rules-9.0.8.tgz#d923340235678ac11fc313f9ca43e34c352fd8ef"
  integrity sha512-kp14dE0AlXwd69pcfU6VWG9G6pCPK11OWJqlb3/ccoO9CRKGVsqiHOq/hpkAm4scYzuo3ZMYQs1E0O7c2K8SSA==
  dependencies:
    "@csstools/css-tokenizer" "^4.0.2"
    browserslist "^4.29.3"
    caniuse-api "^4.0.0"
    cssnano-utils "^8.1.0"
    postcss-minify-selectors "^9.0.6"

postcss-minify-font-values@^9.0.7:
  version "9.0.7"
  resolved "https://registry.yarnpkg.com/postcss-minify-font-values/-/postcss-minify-font-values-9.0.7.tgz#951ee8d14578238db1544779998fc4d0dab52619"
  integrity sha512-cnje2Aby5P4o0IUvy02yhQ9wJ8PJNYd32iYFnM3/2G+1nvoUs/hRAkyFf2WfGlgtBJy24QPMYdWRUQ6CDm1MYw==
  dependencies:
    "@csstools/css-tokenizer" "^4.0.2"
    cssnano-utils "^8.1.0"

postcss-minify-gradients@^9.0.6:
  version "9.0.6"
  resolved "https://registry.yarnpkg.com/postcss-minify-gradients/-/postcss-minify-gradients-9.0.6.tgz#3eada36bdca8e943d01c26cad62842c032db97d4"
  integrity sha512-r0u1zcMXFn2xmafxONtZhmmeL/e5f3d9MK4vReuG1y58Vfn8iSWIzF3yiU9+QOtJjb+c2Fd+ZeaM08dkMD/ETQ==
  dependencies:
    "@colordx/core" "^7.2.0"
    "@csstools/css-tokenizer" "^4.0.2"
    cssnano-utils "^8.0.2"

postcss-minify-params@^9.0.6:
  version "9.0.6"
  resolved "https://registry.yarnpkg.com/postcss-minify-params/-/postcss-minify-params-9.0.6.tgz#56946c48bbea3bd783695314165dc60f521c8afd"
  integrity sha512-HbQdOob8KqH+IslULbA52A/uZZUTArDxJ+eDqSnWq7cnCvGets/H/AQU998+BlFgB4Nv5bngWeFVtWp4we26cw==
  dependencies:
    browserslist "^4.29.3"
    cssnano-utils "^8.0.2"

postcss-minify-selectors@^9.0.6:
  version "9.0.6"
  resolved "https://registry.yarnpkg.com/postcss-minify-selectors/-/postcss-minify-selectors-9.0.6.tgz#c0221231e7a5709f310f8e44bd3416561e386294"
  integrity sha512-JOZcNGgwy+E4eR+cy9B0KPa4DUsNHOp899xYEJW8dvpsAFuzBzJXrbnKaAEnbd3nvE4nr4Z+ECQiZTswLPsdkg==
  dependencies:
    browserslist "^4.29.3"
    caniuse-api "^4.0.0"
    cssesc "^3.0.0"
    cssnano-utils "^8.0.2"

postcss-normalize-charset@^9.0.5:
  version "9.0.5"
  resolved "https://registry.yarnpkg.com/postcss-normalize-charset/-/postcss-normalize-charset-9.0.5.tgz#e6c54ee029b6922cdc11cd8fa0c24b54d92a59af"
  integrity sha512-mmbQmD9mlz3pTo+r4KdwcfD23cNksQo7aYNa4lfL4Bsj0XkL+rtcbNOY7Oo+U82DP1syYXCyF1PRc32gb36MqA==

postcss-normalize-display-values@^9.0.5:
  version "9.0.5"
  resolved "https://registry.yarnpkg.com/postcss-normalize-display-values/-/postcss-normalize-display-values-9.0.5.tgz#fd5789a4ae915cfb89fbc7ac0a11ba5e9e4a0c52"
  integrity sha512-V5tOZuYQtOpYNjoSjciDckB8Ry+s2NcHqVHloYe5Xh/6OA2Z3kVymAck3zipZ1uLBdMvg7BUvxoDIcH6dJCPug==
  dependencies:
    "@csstools/css-tokenizer" "^4.0.2"
    cssnano-utils "^8.0.1"

postcss-normalize-positions@^9.0.6:
  version "9.0.6"
  resolved "https://registry.yarnpkg.com/postcss-normalize-positions/-/postcss-normalize-positions-9.0.6.tgz#857f4bb60428be3fd4cd2f8be7648d5bcf168919"
  integrity sha512-n69U09h5ej9q7/mNCDdA5TJpJEgfIoLaEPZX1zMtWE+QXysEm9K62GfDxuHYnOEQle0s/HhpT5wQ/BqFGrHQ4Q==
  dependencies:
    cssnano-utils "^8.0.2"

postcss-normalize-repeat-style@^9.0.5:
  version "9.0.5"
  resolved "https://registry.yarnpkg.com/postcss-normalize-repeat-style/-/postcss-normalize-repeat-style-9.0.5.tgz#744054db318d8f377246b5824fe15c87c0a021f9"
  integrity sha512-1QZ9ZdyWb4TRDCXIg8iqeACo6BWKjxtfeMgMSy6ORqX21gKN4lYYQqZpxPdILpvbLaEfXGVd0ptMCiKbxCObjA==
  dependencies:
    cssnano-utils "^8.0.1"

postcss-normalize-string@^9.0.5:
  version "9.0.5"
  resolved "https://registry.yarnpkg.com/postcss-normalize-string/-/postcss-normalize-string-9.0.5.tgz#325057dc36f7dce6db590060904886117c645ced"
  integrity sha512-470sWbU7N/kwSOYl+9yJUzq1BWSHAVLP86E89Ap5RGZGXmBnn7jmwF2xgH+a7uSAkaBhTGu/hf4R1U5gGHqEHw==
  dependencies:
    "@csstools/css-tokenizer" "^4.0.2"

postcss-normalize-timing-functions@^9.0.5:
  version "9.0.5"
  resolved "https://registry.yarnpkg.com/postcss-normalize-timing-functions/-/postcss-normalize-timing-functions-9.0.5.tgz#35bd434a0818048b7ab9707c35d0e1b166aabf29"
  integrity sha512-uw5Y1xNsnh1Z8XB1I4Sx6/T7GKfdBTpX7X7ywDibb35IIYjJLf68qjBRDl59ETYrWkoGxZXIYU74RcO6cAjjmw==
  dependencies:
    "@csstools/css-tokenizer" "^4.0.2"
    cssnano-utils "^8.0.1"

postcss-normalize-unicode@^9.0.5:
  version "9.0.5"
  resolved "https://registry.yarnpkg.com/postcss-normalize-unicode/-/postcss-normalize-unicode-9.0.5.tgz#1f16274bf80ea4ebc66708850ca9e079ce2385dc"
  integrity sha512-mDIcHiI0JMEchOA+OdTNAkhdb6IUIJFocVuacszLC/zFJlhyc0GUeZYIkaGVg/tEj3X8jVnd8Xetm8iN/0cAvQ==
  dependencies:
    "@csstools/css-tokenizer" "^4.0.2"
    browserslist "^4.29.3"
    cssnano-utils "^8.0.2"

postcss-normalize-url@^9.0.5:
  version "9.0.5"
  resolved "https://registry.yarnpkg.com/postcss-normalize-url/-/postcss-normalize-url-9.0.5.tgz#177217cb76cb27f5e238b619466afc67a45683d7"
  integrity sha512-iGf8SEx4Abu9XqmubHU7Prl7dWT0gk+VethwzfY40Zo9y3VItrz8QSDFMCxQmWpphXiU0jGq5K4uoiSi2ySnNw==
  dependencies:
    "@csstools/css-tokenizer" "^4.0.2"
    cssnano-utils "^8.0.1"

postcss-normalize-whitespace@^9.0.5:
  version "9.0.5"
  resolved "https://registry.yarnpkg.com/postcss-normalize-whitespace/-/postcss-normalize-whitespace-9.0.5.tgz#187501f84788ee72b7ad10f6698c7218d2eed2d2"
  integrity sha512-vaDslAUVqguYgC2jMb90Rc+N904rPx4XtYIWhaI/8m6OYx7+EOgsQmTLOGB4WjDAIMOgdBVTQqub8dQSoSVyww==
  dependencies:
    "@csstools/css-tokenizer" "^4.0.2"
    cssnano-utils "^8.0.1"

postcss-ordered-values@^9.0.6:
  version "9.0.6"
  resolved "https://registry.yarnpkg.com/postcss-ordered-values/-/postcss-ordered-values-9.0.6.tgz#f64039d09927de3c1f9291ab27a1c907a453443d"
  integrity sha512-/Oua4QNx4So8QSEYC+kH5lEM8Z67D8ONMZBx/J5hidkMIRfYGyrUcdlvEZ3e48A6YlOq5hyHb/axcNezq1hhAQ==
  dependencies:
    cssnano-utils "^8.1.0"

postcss-reduce-initial@^9.0.6:
  version "9.0.6"
  resolved "https://registry.yarnpkg.com/postcss-reduce-initial/-/postcss-reduce-initial-9.0.6.tgz#91d5dbff6104d2d7701613c36d2c91adf5904299"
  integrity sha512-Jjj9edyokvyJ/BJ0X/8S6zHrLSKziTX0lwd4nhJwbEkaRut9v6F79sdy6tC+69KDyo8ILsCGXeR41agJSt7Kfg==
  dependencies:
    browserslist "^4.29.3"
    caniuse-api "^4.0.0"

postcss-reduce-transforms@^9.0.4:
  version "9.0.4"
  resolved "https://registry.yarnpkg.com/postcss-reduce-transforms/-/postcss-reduce-transforms-9.0.4.tgz#0f1448adcdeff669bd6c2c7c9c89498fdab4b800"
  integrity sha512-hRzepc/cwIs1cCdIghQatRDFlxc7qQieXzkyCfyVl8KPTPhOZyOtdPp9Qt90fMbqWry6YdMQu/YfScxh47sTYg==
  dependencies:
    cssnano-utils "^8.0.0"

postcss-svgo@^9.0.4:
  version "9.0.4"
  resolved "https://registry.yarnpkg.com/postcss-svgo/-/postcss-svgo-9.0.4.tgz#7687d06b70cd46b6025c67fd4e49a543ee621485"
  integrity sha512-0QGF1sORc244E+DNJxEzQDK/zK24VO0CMzAMOwOW+cQ90Y65mVDR2yrSxp4/f+XcdxmAf5LPm22zlnhVUTbtAA==
  dependencies:
    "@csstools/css-tokenizer" "^4.0.2"
    cssnano-utils "^8.0.0"
    svgo "^4.1.0"

postcss-unique-selectors@^9.0.5:
  version "9.0.5"
  resolved "https://registry.yarnpkg.com/postcss-unique-selectors/-/postcss-unique-selectors-9.0.5.tgz#2b0e1a0b4bb347c406aa520c1b4bc5360d74508e"
  integrity sha512-1otppE5FwWqmIM1jqBpeAdA0GSP9wwzRCRsbz7EtbSNunh3bJ9PPRuYYzByvqnz7L351ZA2fDHC0CcouYoPWfA==
  dependencies:
    "@csstools/css-tokenizer" "^4.0.2"

postcss-value-parser@^4.2.0:
  version "4.2.0"
  resolved "https://registry.yarnpkg.com/postcss-value-parser/-/postcss-value-parser-4.2.0.tgz#723c09920836ba6d3e5af019f92bc0971c02e514"
  integrity sha512-1NNCs6uurfkVbeXG4S8JFT9t19m45ICnif8zWLd5oPSZ50QnwMfK+H3jv408d4jw/7Bttv5axS5IiHoLaVNHeQ==

postcss@^8.5.28:
  version "8.5.28"
  resolved "https://registry.yarnpkg.com/postcss/-/postcss-8.5.28.tgz#da4563a99a06e62d6c1cd1acae363224bcaed6e9"
  integrity sha512-RRuzqDtt5Y9h3quz5hWhK+TPnsmVs6WwSU6LkJMeY4HstUEDuYTG8UJSdawMRzmzAtV+KEoG8N3Qg2qLy5vM/A==
  dependencies:
    nanoid "^3.3.18"
    picocolors "^1.1.1"
    source-map-js "^1.2.1"

resolve@^1.22.1:
  version "1.22.12"
  resolved "https://registry.yarnpkg.com/resolve/-/resolve-1.22.12.tgz#f5b2a680897c69c238a13cd16b15671f8b73549f"
  integrity sha512-TyeJ1zif53BPfHootBGwPRYT1RUt6oGWsaQr8UyZW/eAm9bKoijtvruSDEmZHm92CwS9nj7/fWttqPCgzep8CA==
  dependencies:
    es-errors "^1.3.0"
    is-core-module "^2.16.1"
    path-parse "^1.0.7"
    supports-preserve-symlinks-flag "^1.0.0"

rollup-plugin-polyfill-node@^0.13.0:
  version "0.13.0"
  resolved "https://registry.yarnpkg.com/rollup-plugin-polyfill-node/-/rollup-plugin-polyfill-node-0.13.0.tgz#28e5705b59438da894e55133a0fe7a86b57d9b0a"
  integrity sha512-FYEvpCaD5jGtyBuBFcQImEGmTxDTPbiHjJdrYIp+mFIwgXiXabxvKUK7ZT9P31ozu2Tqm9llYQMRWsfvTMTAOw==
  dependencies:
    "@rollup/plugin-inject" "^5.0.4"

rollup@^4.63.4:
  version "4.63.4"
  resolved "https://registry.yarnpkg.com/rollup/-/rollup-4.63.4.tgz#cff29b8d6d959aee7cb5e44b0dad70074493dbf8"
  integrity sha512-4U0liVayNIoLp3GFl1FcI8561WepLnZ1rqfraGh7S9B3Ur5F9S283y8Futii7RUU2C/97tOBmBy7nYvhoiOpbQ==
  dependencies:
    "@types/estree" "1.0.9"
  optionalDependencies:
    "@napi-rs/lzma-linux-x64-gnu" "1.5.1"
    "@rollup/rollup-android-arm-eabi" "4.63.4"
    "@rollup/rollup-android-arm64" "4.63.4"
    "@rollup/rollup-darwin-arm64" "4.63.4"
    "@rollup/rollup-darwin-x64" "4.63.4"
    "@rollup/rollup-freebsd-arm64" "4.63.4"
    "@rollup/rollup-freebsd-x64" "4.63.4"
    "@rollup/rollup-linux-arm-gnueabihf" "4.63.4"
    "@rollup/rollup-linux-arm-musleabihf" "4.63.4"
    "@rollup/rollup-linux-arm64-gnu" "4.63.4"
    "@rollup/rollup-linux-arm64-musl" "4.63.4"
    "@rollup/rollup-linux-loong64-gnu" "4.63.4"
    "@rollup/rollup-linux-loong64-musl" "4.63.4"
    "@rollup/rollup-linux-ppc64-gnu" "4.63.4"
    "@rollup/rollup-linux-ppc64-musl" "4.63.4"
    "@rollup/rollup-linux-riscv64-gnu" "4.63.4"
    "@rollup/rollup-linux-riscv64-musl" "4.63.4"
    "@rollup/rollup-linux-s390x-gnu" "4.63.4"
    "@rollup/rollup-linux-x64-gnu" "4.63.4"
    "@rollup/rollup-linux-x64-musl" "4.63.4"
    "@rollup/rollup-openbsd-x64" "4.63.4"
    "@rollup/rollup-openharmony-arm64" "4.63.4"
    "@rollup/rollup-win32-arm64-msvc" "4.63.4"
    "@rollup/rollup-win32-ia32-msvc" "4.63.4"
    "@rollup/rollup-win32-x64-gnu" "4.63.4"
    "@rollup/rollup-win32-x64-msvc" "4.63.4"
    fsevents "~2.3.2"

sax@1.6.1:
  version "1.6.1"
  resolved "https://registry.yarnpkg.com/sax/-/sax-1.6.1.tgz#4c23cf608c0b693ab54b4b5888e92cfe977b9843"
  integrity sha512-42tBVwLWnaQvW5zc4HbZrTuWccECCZfBi92FDuwtqxasH+JbPB3/FOKb1m222K42R4WxuxzzMsTswfzgtSu64Q==

serialize-javascript@^7.0.3:
  version "7.1.2"
  resolved "https://registry.yarnpkg.com/serialize-javascript/-/serialize-javascript-7.1.2.tgz#0161010a0815dd7b7e011cbc5a3644850b8c2289"
  integrity sha512-GL2BWwVa6JydKO6l/ljVgjAZF4QJ3S7dWDWi53s5GZT8PJzD2fNxi67HANQGKAqPrwEpL5ba7gUBGi0Ls/sEoQ==

shromp@^0.1.0:
  version "0.1.0"
  resolved "https://registry.yarnpkg.com/shromp/-/shromp-0.1.0.tgz#3afcefc1fa5d97ce97561f7adea691f877bffc15"
  integrity sha512-45N+unexKmPURPzxfuymG3Uj6BanOSApSOlsRSVGWmpJjR+wvgLlg7gMfJANGDexpPFDPv1Ai9ItH96a2EVIbA==
  dependencies:
    commander "^13.1.0"
    consola "^3.4.2"
    handlebars "^4.7.8"
    marked "^15.0.11"
    marked-extended-tables "^2.0.1"
    marked-gfm-heading-id "^4.1.1"
    toml "^3.0.0"

smob@^1.0.0:
  version "1.6.2"
  resolved "https://registry.yarnpkg.com/smob/-/smob-1.6.2.tgz#190b94c25530c631a7ccc63de0d4c0087222d21d"
  integrity sha512-RQsvleCbF8cVHEv+xuDGaA4pOizFqJ0GgjtMSRo6oP8pnN7WsigHgVGey6aILRBKv4W2YOMHLqbKdnB6hpB9fw==

source-map-js@^1.0.1, source-map-js@^1.2.1:
  version "1.2.2"
  resolved "https://registry.yarnpkg.com/source-map-js/-/source-map-js-1.2.2.tgz#79fb88d97535a21cb27162cb05d211b67acea4ab"
  integrity sha512-KGj/8Y43x35aZVDtt+J4mK1hoLGHULMYfSkODJNQjNDC3oW1PqPoxMwo0pLUsWM/UEGzON/NxeHywEfNXNP3Vw==

source-map-support@~0.5.20:
  version "0.5.21"
  resolved "https://registry.yarnpkg.com/source-map-support/-/source-map-support-0.5.21.tgz#04fe7c7f9e1ed2d662233c28cb2b35b9f63f6e4f"
  integrity sha512-uBHU3L3czsIyYXKX88fdrGovxdSCoTGDRZ6SYXtSRxLZUzHg5P/66Ht6uoUlHu9EZod+inXhKo3qQgwXUT/y1w==
  dependencies:
    buffer-from "^1.0.0"
    source-map "^0.6.0"

source-map@^0.6.0, source-map@^0.6.1:
  version "0.6.1"
  resolved "https://registry.yarnpkg.com/source-map/-/source-map-0.6.1.tgz#74722af32e9614e9c287a8d0bbde48b5e2f1a263"
  integrity sha512-UjgapumWlbMhkBgzT7Ykc5YXUT46F0iKu8SGXq0bcwP5dz/h0Plj6enJqjz1Zbq2l5WaqYnrVbwWOWMyF3F47g==

stylehacks@^9.0.7:
  version "9.0.7"
  resolved "https://registry.yarnpkg.com/stylehacks/-/stylehacks-9.0.7.tgz#e2d3f5fa64efe084f74f74862a1afa8d629f77ef"
  integrity sha512-KIpCgyoHOxm3wKEGPLvvrQT8bl0E/qCF+MkO83Pe7469JDsWE7PT0k2AlZJFivO+9j/222q+sI8EKSAalIRkNA==
  dependencies:
    "@csstools/css-tokenizer" "^4.0.2"
    browserslist "^4.29.3"

supports-preserve-symlinks-flag@^1.0.0:
  version "1.0.0"
  resolved "https://registry.yarnpkg.com/supports-preserve-symlinks-flag/-/supports-preserve-symlinks-flag-1.0.0.tgz#6eda4bd344a3c94aea376d4cc31bc77311039e09"
  integrity sha512-ot0WnXS9fgdkgIcePe6RHNk1WA8+muPa6cSjeR3V8K27q9BB1rTE3R1p7Hv0z1ZyAc8s6Vvv8DIyWf681MAt0w==

svgo@^4.1.0:
  version "4.1.0"
  resolved "https://registry.yarnpkg.com/svgo/-/svgo-4.1.0.tgz#c977eb69640ef232a5e8236a5a327ed8c9d52853"
  integrity sha512-bkxnTg1kSU0guhIBmibA6UUhrQmPVA1XsQLN+ylCd+UWzbnLkySOcXpyk1mrl05f+pcaCx2eHb+sp6BgMZWX+Q==
  dependencies:
    commander "^11.1.0"
    css-select "^6.0.0"
    css-tree "^3.0.1"
    css-what "^7.0.0"
    csso "^5.0.5"
    picocolors "^1.1.1"
    sax "1.6.1"

terser@^5.17.4:
  version "5.51.2"
  resolved "https://registry.yarnpkg.com/terser/-/terser-5.51.2.tgz#555912425a7f2ff7737425c3718fa76c7069f6ef"
  integrity sha512-bWnjSNscmuI+GJze6ZupnHP8G/cTcsJF+bXCeQknk2SHQsgbNJnLrqiH9jZ2W4STPVXH2mDKKRX3iwPhc9Cn/Q==
  dependencies:
    "@jridgewell/source-map" "^0.3.3"
    acorn "^8.15.0"
    commander "^2.20.0"
    source-map-support "~0.5.20"

toml@^3.0.0:
  version "3.0.0"
  resolved "https://registry.yarnpkg.com/toml/-/toml-3.0.0.tgz#342160f1af1904ec9d204d03a5d61222d762c5ee"
  integrity sha512-y/mWCZinnvxjTKYhJ+pYxwD0mRLVvOtdS2Awbgxln6iEnt4rk0yBxeSBHkGJcPucRiG0e55mwWp+g/05rsrd6w==

uglify-js@^3.1.4:
  version "3.19.3"
  resolved "https://registry.yarnpkg.com/uglify-js/-/uglify-js-3.19.3.tgz#82315e9bbc6f2b25888858acd1fff8441035b77f"
  integrity sha512-v3Xu+yuwBXisp6QYTcH4UbH+xYJXqnq2m/LtQVWKWzYc1iehYnLixoQDN9FH6/j9/oybfd6W9Ghwkl8+UMKTKQ==

update-browserslist-db@^1.3.3:
  version "1.3.3"
  resolved "https://registry.yarnpkg.com/update-browserslist-db/-/update-browserslist-db-1.3.3.tgz#197e21fb2561fa89f8b94fad605a2b296a18993a"
  integrity sha512-pJ2sYawQS0R/WI928Gj5GlPhTGzbMelq0+4INtSYNDV9ErKJcX6xjGWkoG/VnB3dpUm00zALaqkrUD77pO5TDQ==
  dependencies:
    escalade "^3.2.0"
    picocolors "^1.1.1"

wordwrap@^1.0.0:
  version "1.0.0"
  resolved "https://registry.yarnpkg.com/wordwrap/-/wordwrap-1.0.0.tgz#27584810891456a4171c8d0226441ade90cbcaeb"
  integrity sha512-gvVzJFlPycKc5dZN4yPkP8w7Dc37BtP1yczEneOb4uq34pXZcvrtRTmWV8W+Ume+XCxKgbjM+nevkyFPMybd4Q==
